
Microsoft Visual Studio Solution File, Format Version 11.00
# Visual Studio 2010
Project("{FAE04EC0-301F-11D3-BF4B-00C04F79EFBC}") = "MenuHistory", "MenuHistory\MenuHistory.csproj", "{486DC568-3F41-4257-8BAF-D4370F5EADBD}"
EndProject
Global
	GlobalSection(SolutionConfigurationPlatforms) = preSolution
		Debug|Any CPU = Debug|Any CPU
		Release|Any CPU = Release|Any CPU
	EndGlobalSection
	GlobalSection(ProjectConfigurationPlatforms) = postSolution
		{486DC568-3F41-4257-8BAF-D4370F5EADBD}.Debug|Any CPU.ActiveCfg = Debug|Any CPU
		{486DC568-3F41-4257-8BAF-D4370F5EADBD}.Debug|Any CPU.Build.0 = Debug|Any CPU
		{486DC568-3F41-4257-8BAF-D4370F5EADBD}.Release|Any CPU.ActiveCfg = Release|Any CPU
		{486DC568-3F41-4257-8BAF-D4370F5EADBD}.Release|Any CPU.Build.0 = Release|Any CPU
	EndGlobalSection
	GlobalSection(SolutionProperties) = preSolution
		HideSolutionNode = FALSE
	EndGlobalSection
EndGlobal
